<?xml version="1.0" encoding="UTF-8" standalone="yes" ?>
<CodeBlocks_project_file>
	<FileVersion major="1" minor="6" />
	<Project>
		<Option title="fwtool" />
		<Option pch_mode="2" />
		<Option compiler="gcc" />
		<Build>
			<Target title="Debug">
				<Option output="bin/Debug/fwtool" prefix_auto="1" extension_auto="1" />
				<Option working_dir="bin/Debug" />
				<Option object_output="obj/Debug/" />
				<Option type="3" />
				<Option compiler="gcc" />
				<Option createDefFile="1" />
				<Option createStaticLib="1" />
				<Compiler>
					<Add option="-Wall" />
					<Add option="-g" />
					<Add option="-DBUILD_DLL" />
				</Compiler>
				<Linker>
					<Add library="user32" />
				</Linker>
			</Target>
			<Target title="Release">
				<Option output="bin/Release/fwtool" prefix_auto="1" extension_auto="1" />
				<Option working_dir="bin/Release" />
				<Option object_output="obj/Release/" />
				<Option type="3" />
				<Option compiler="gcc" />
				<Option createDefFile="1" />
				<Option createStaticLib="1" />
				<Compiler>
					<Add option="-O2" />
					<Add option="-Wall" />
					<Add option="-DBUILD_DLL" />
				</Compiler>
			</Target>
			<Target title="exe_Debug">
				<Option output="bin/Debug/fwtool" prefix_auto="1" extension_auto="1" />
				<Option object_output="obj/Debug/" />
				<Option type="1" />
				<Option compiler="gcc" />
				<Compiler>
					<Add option="-Wall" />
					<Add option="-g" />
					<Add option="-DFWT_CONSOLE" />
				</Compiler>
			</Target>
			<Target title="exe_Release">
				<Option output="bin/Release/fwtool" prefix_auto="1" extension_auto="1" />
				<Option object_output="obj/Release/" />
				<Option type="1" />
				<Option compiler="gcc" />
				<Compiler>
					<Add option="-O2" />
					<Add option="-Wall" />
					<Add option="-DFWT_CONSOLE" />
				</Compiler>
				<Linker>
					<Add option="-s" />
				</Linker>
			</Target>
			<Target title="libfwtool_debug">
				<Option output="bin/Debug/fwtool" prefix_auto="1" extension_auto="1" />
				<Option working_dir="" />
				<Option object_output="obj/Debug/" />
				<Option type="2" />
				<Option compiler="gcc" />
				<Compiler>
					<Add option="-Wall" />
					<Add option="-g" />
					<Add option="-DBUILD_DLL" />
				</Compiler>
			</Target>
			<Target title="libfwtool">
				<Option output="bin/Release/fwtool" prefix_auto="1" extension_auto="1" />
				<Option working_dir="" />
				<Option object_output="obj/Release/" />
				<Option type="2" />
				<Option compiler="gcc" />
				<Compiler>
					<Add option="-O2" />
					<Add option="-Wall" />
					<Add option="-DBUILD_DLL" />
				</Compiler>
				<Linker>
					<Add option="-s" />
				</Linker>
			</Target>
		</Build>
		<Compiler>
			<Add option="-Wall" />
			<Add directory="../zlib/src" />
			<Add directory="../libarchive/src" />
		</Compiler>
		<Linker>
			<Add library="zlib" />
			<Add library="archive" />
			<Add directory="../zlib/lib/" />
			<Add directory="../libarchive/lib" />
		</Linker>
		<Unit filename="src/aes.c">
			<Option compilerVar="CC" />
		</Unit>
		<Unit filename="src/aes.h" />
		<Unit filename="src/config.h" />
		<Unit filename="src/csum.c">
			<Option compilerVar="CC" />
		</Unit>
		<Unit filename="src/csum.h" />
		<Unit filename="src/endian.c">
			<Option compilerVar="CC" />
		</Unit>
		<Unit filename="src/endian.h" />
		<Unit filename="src/fdat_cipher.c">
			<Option compilerVar="CC" />
		</Unit>
		<Unit filename="src/fdat_cipher.h" />
		<Unit filename="src/fdat_cipher_aes.c">
			<Option compilerVar="CC" />
		</Unit>
		<Unit filename="src/fdat_cipher_aes.h" />
		<Unit filename="src/fdat_cipher_sha1.c">
			<Option compilerVar="CC" />
		</Unit>
		<Unit filename="src/fdat_cipher_sha1.h" />
		<Unit filename="src/fdat_crypt.c">
			<Option compilerVar="CC" />
		</Unit>
		<Unit filename="src/fdat_crypt.h" />
		<Unit filename="src/fdat_image.c">
			<Option compilerVar="CC" />
		</Unit>
		<Unit filename="src/fdat_image.h" />
		<Unit filename="src/fwd_chunks.c">
			<Option compilerVar="CC" />
		</Unit>
		<Unit filename="src/fwd_chunks.h" />
		<Unit filename="src/fwd_pack.c">
			<Option compilerVar="CC" />
		</Unit>
		<Unit filename="src/fwd_pack.h" />
		<Unit filename="src/fwt_names.h" />
		<Unit filename="src/fwt_util.c">
			<Option compilerVar="CC" />
		</Unit>
		<Unit filename="src/fwt_util.h" />
		<Unit filename="src/fwtool.c">
			<Option compilerVar="CC" />
		</Unit>
		<Unit filename="src/lz77.h" />
		<Unit filename="src/lz77_inflate.c">
			<Option compilerVar="CC" />
		</Unit>
		<Unit filename="src/lzpt_io.c">
			<Option compilerVar="CC" />
		</Unit>
		<Unit filename="src/lzpt_io.h" />
		<Unit filename="src/sha1.c">
			<Option compilerVar="CC" />
		</Unit>
		<Unit filename="src/sha1.h" />
		<Unit filename="src/tarfile.c">
			<Option compilerVar="CC" />
		</Unit>
		<Unit filename="src/tarfile.h" />
		<Unit filename="src/zipfile.c">
			<Option compilerVar="CC" />
		</Unit>
		<Unit filename="src/zipfile.h" />
		<Extensions>
			<code_completion />
			<envvars />
			<debugger />
			<lib_finder disable_auto="1" />
		</Extensions>
	</Project>
</CodeBlocks_project_file>
